Microsoft Visual Studio Solution File, Format Version 12.00
# Visual Studio Version 18
VisualStudioVersion = 18.0.0.0
MinimumVisualStudioVersion = 10.0.40219.1
Project("{FAE04EC0-301F-11D3-BF4B-00C04F79EFBC}") = "Switchyard.Api", "src\Switchyard.Api\Switchyard.Api.csproj", "{DECF1666-797A-4896-8F32-5A9B1BD87416}"
EndProject
Project("{FAE04EC0-301F-11D3-BF4B-00C04F79EFBC}") = "Switchyard.Ordering.Domain", "src\Switchyard.Ordering.Domain\Switchyard.Ordering.Domain.csproj", "{251E2AB2-FF59-46FE-B0DC-689BD8E9CC5D}"
EndProject
Project("{FAE04EC0-301F-11D3-BF4B-00C04F79EFBC}") = "Switchyard.Ordering.Application", "src\Switchyard.Ordering.Application\Switchyard.Ordering.Application.csproj", "{A9C07BFB-243A-44E7-9416-7AD9A7600B6D}"
EndProject
Project("{FAE04EC0-301F-11D3-BF4B-00C04F79EFBC}") = "Switchyard.Ordering.Infrastructure", "src\Switchyard.Ordering.Infrastructure\Switchyard.Ordering.Infrastructure.csproj", "{084B5488-7F7E-439B-9668-AE15F5075C60}"
EndProject
Project("{FAE04EC0-301F-11D3-BF4B-00C04F79EFBC}") = "Switchyard.Api.Tests", "tests\Switchyard.Api.Tests\Switchyard.Api.Tests.csproj", "{5A069D5C-8EFD-4A5E-8ABB-A6477C604E49}"
EndProject
Project("{FAE04EC0-301F-11D3-BF4B-00C04F79EFBC}") = "Switchyard.IntegrationTests", "tests\Switchyard.IntegrationTests\Switchyard.IntegrationTests.csproj", "{ADFC8F9E-AA06-4B8B-808A-46EC6AA2E701}"
EndProject
Project("{FAE04EC0-301F-11D3-BF4B-00C04F79EFBC}") = "Switchyard.Ordering.Domain.Tests", "tests\Switchyard.Ordering.Domain.Tests\Switchyard.Ordering.Domain.Tests.csproj", "{E98973EB-2459-416C-B104-7F1BF3C2A780}"
EndProject
Project("{FAE04EC0-301F-11D3-BF4B-00C04F79EFBC}") = "Switchyard.Ordering.Application.Tests", "tests\Switchyard.Ordering.Application.Tests\Switchyard.Ordering.Application.Tests.csproj", "{4152766F-24EE-4844-A146-7A773708973C}"
EndProject
Project("{FAE04EC0-301F-11D3-BF4B-00C04F79EFBC}") = "Switchyard.Architecture.Tests", "tests\Switchyard.Architecture.Tests\Switchyard.Architecture.Tests.csproj", "{17A883BF-E706-4178-8061-C3815565C3EE}"
EndProject
Global
	GlobalSection(SolutionConfigurationPlatforms) = preSolution
		Debug|Any CPU = Debug|Any CPU
		Release|Any CPU = Release|Any CPU
	EndGlobalSection
	GlobalSection(ProjectConfigurationPlatforms) = postSolution
		{DECF1666-797A-4896-8F32-5A9B1BD87416}.Debug|Any CPU.ActiveCfg = Debug|Any CPU
		{DECF1666-797A-4896-8F32-5A9B1BD87416}.Debug|Any CPU.Build.0 = Debug|Any CPU
		{DECF1666-797A-4896-8F32-5A9B1BD87416}.Release|Any CPU.ActiveCfg = Release|Any CPU
		{DECF1666-797A-4896-8F32-5A9B1BD87416}.Release|Any CPU.Build.0 = Release|Any CPU
		{251E2AB2-FF59-46FE-B0DC-689BD8E9CC5D}.Debug|Any CPU.ActiveCfg = Debug|Any CPU
		{251E2AB2-FF59-46FE-B0DC-689BD8E9CC5D}.Debug|Any CPU.Build.0 = Debug|Any CPU
		{251E2AB2-FF59-46FE-B0DC-689BD8E9CC5D}.Release|Any CPU.ActiveCfg = Release|Any CPU
		{251E2AB2-FF59-46FE-B0DC-689BD8E9CC5D}.Release|Any CPU.Build.0 = Release|Any CPU
		{A9C07BFB-243A-44E7-9416-7AD9A7600B6D}.Debug|Any CPU.ActiveCfg = Debug|Any CPU
		{A9C07BFB-243A-44E7-9416-7AD9A7600B6D}.Debug|Any CPU.Build.0 = Debug|Any CPU
		{A9C07BFB-243A-44E7-9416-7AD9A7600B6D}.Release|Any CPU.ActiveCfg = Release|Any CPU
		{A9C07BFB-243A-44E7-9416-7AD9A7600B6D}.Release|Any CPU.Build.0 = Release|Any CPU
		{084B5488-7F7E-439B-9668-AE15F5075C60}.Debug|Any CPU.ActiveCfg = Debug|Any CPU
		{084B5488-7F7E-439B-9668-AE15F5075C60}.Debug|Any CPU.Build.0 = Debug|Any CPU
		{084B5488-7F7E-439B-9668-AE15F5075C60}.Release|Any CPU.ActiveCfg = Release|Any CPU
		{084B5488-7F7E-439B-9668-AE15F5075C60}.Release|Any CPU.Build.0 = Release|Any CPU
		{5A069D5C-8EFD-4A5E-8ABB-A6477C604E49}.Debug|Any CPU.ActiveCfg = Debug|Any CPU
		{5A069D5C-8EFD-4A5E-8ABB-A6477C604E49}.Debug|Any CPU.Build.0 = Debug|Any CPU
		{5A069D5C-8EFD-4A5E-8ABB-A6477C604E49}.Release|Any CPU.ActiveCfg = Release|Any CPU
		{5A069D5C-8EFD-4A5E-8ABB-A6477C604E49}.Release|Any CPU.Build.0 = Release|Any CPU
		{ADFC8F9E-AA06-4B8B-808A-46EC6AA2E701}.Debug|Any CPU.ActiveCfg = Debug|Any CPU
		{ADFC8F9E-AA06-4B8B-808A-46EC6AA2E701}.Debug|Any CPU.Build.0 = Debug|Any CPU
		{ADFC8F9E-AA06-4B8B-808A-46EC6AA2E701}.Release|Any CPU.ActiveCfg = Release|Any CPU
		{ADFC8F9E-AA06-4B8B-808A-46EC6AA2E701}.Release|Any CPU.Build.0 = Release|Any CPU
		{E98973EB-2459-416C-B104-7F1BF3C2A780}.Debug|Any CPU.ActiveCfg = Debug|Any CPU
		{E98973EB-2459-416C-B104-7F1BF3C2A780}.Debug|Any CPU.Build.0 = Debug|Any CPU
		{E98973EB-2459-416C-B104-7F1BF3C2A780}.Release|Any CPU.ActiveCfg = Release|Any CPU
		{E98973EB-2459-416C-B104-7F1BF3C2A780}.Release|Any CPU.Build.0 = Release|Any CPU
		{4152766F-24EE-4844-A146-7A773708973C}.Debug|Any CPU.ActiveCfg = Debug|Any CPU
		{4152766F-24EE-4844-A146-7A773708973C}.Debug|Any CPU.Build.0 = Debug|Any CPU
		{4152766F-24EE-4844-A146-7A773708973C}.Release|Any CPU.ActiveCfg = Release|Any CPU
		{4152766F-24EE-4844-A146-7A773708973C}.Release|Any CPU.Build.0 = Release|Any CPU
		{17A883BF-E706-4178-8061-C3815565C3EE}.Debug|Any CPU.ActiveCfg = Debug|Any CPU
		{17A883BF-E706-4178-8061-C3815565C3EE}.Debug|Any CPU.Build.0 = Debug|Any CPU
		{17A883BF-E706-4178-8061-C3815565C3EE}.Release|Any CPU.ActiveCfg = Release|Any CPU
		{17A883BF-E706-4178-8061-C3815565C3EE}.Release|Any CPU.Build.0 = Release|Any CPU
	EndGlobalSection
	GlobalSection(SolutionProperties) = preSolution
		HideSolutionNode = FALSE
	EndGlobalSection
	GlobalSection(ExtensibilityGlobals) = postSolution
		SolutionGuid = {3AAB3C8A-82E5-4B84-93B6-A31A799A5D8B}
	EndGlobalSection
EndGlobal
